
Microsoft Visual Studio Solution File, Format Version 12.00
# Visual Studio Version 17
VisualStudioVersion = 17.4.33213.308
MinimumVisualStudioVersion = 10.0.40219.1
Project("{FAE04EC0-301F-11D3-BF4B-00C04F79EFBC}") = "ConnectMySQL11d", "ConnectMySQL11d\ConnectMySQL11d.csproj", "{C9B2B7D5-1C96-4E33-8113-54CAC96BB4B9}"
EndProject
Global
	GlobalSection(SolutionConfigurationPlatforms) = preSolution
		Debug|Any CPU = Debug|Any CPU
		Release|Any CPU = Release|Any CPU
	EndGlobalSection
	GlobalSection(ProjectConfigurationPlatforms) = postSolution
		{C9B2B7D5-1C96-4E33-8113-54CAC96BB4B9}.Debug|Any CPU.ActiveCfg = Debug|Any CPU
		{C9B2B7D5-1C96-4E33-8113-54CAC96BB4B9}.Debug|Any CPU.Build.0 = Debug|Any CPU
		{C9B2B7D5-1C96-4E33-8113-54CAC96BB4B9}.Release|Any CPU.ActiveCfg = Release|Any CPU
		{C9B2B7D5-1C96-4E33-8113-54CAC96BB4B9}.Release|Any CPU.Build.0 = Release|Any CPU
	EndGlobalSection
	GlobalSection(SolutionProperties) = preSolution
		HideSolutionNode = FALSE
	EndGlobalSection
	GlobalSection(ExtensibilityGlobals) = postSolution
		SolutionGuid = {841BA88A-CCE0-4170-84AB-3A2AB69243D6}
	EndGlobalSection
EndGlobal
